
Microsoft Visual Studio Solution File, Format Version 12.00
# Visual Studio Version 17
VisualStudioVersion = 17.8.34525.116
MinimumVisualStudioVersion = 10.0.40219.1
Project("{FAE04EC0-301F-11D3-BF4B-00C04F79EFBC}") = "ShopingCart.API", "ShopingCart.API.csproj", "{1FFED380-FFBA-4091-9D8B-FDD75C5EC036}"
EndProject
Global
	GlobalSection(SolutionConfigurationPlatforms) = preSolution
		Debug|Any CPU = Debug|Any CPU
		Release|Any CPU = Release|Any CPU
	EndGlobalSection
	GlobalSection(ProjectConfigurationPlatforms) = postSolution
		{1FFED380-FFBA-4091-9D8B-FDD75C5EC036}.Debug|Any CPU.ActiveCfg = Debug|Any CPU
		{1FFED380-FFBA-4091-9D8B-FDD75C5EC036}.Debug|Any CPU.Build.0 = Debug|Any CPU
		{1FFED380-FFBA-4091-9D8B-FDD75C5EC036}.Release|Any CPU.ActiveCfg = Release|Any CPU
		{1FFED380-FFBA-4091-9D8B-FDD75C5EC036}.Release|Any CPU.Build.0 = Release|Any CPU
	EndGlobalSection
	GlobalSection(SolutionProperties) = preSolution
		HideSolutionNode = FALSE
	EndGlobalSection
	GlobalSection(ExtensibilityGlobals) = postSolution
		SolutionGuid = {CD3F36AC-E3BB-4A6D-AB43-EFFD89F37E81}
	EndGlobalSection
EndGlobal
